
Microsoft Visual Studio Solution File, Format Version 12.00
# Visual Studio 15
VisualStudioVersion = 15.0.27130.2027
MinimumVisualStudioVersion = 10.0.40219.1
Project("{FAE04EC0-301F-11D3-BF4B-00C04F79EFBC}") = "WebServiceMobileFichaje.WebApi", "WebServiceMobileFichaje\WebServiceMobileFichaje.WebApi.csproj", "{4DD832A2-D687-4FF3-BB74-996A21C567AB}"
EndProject
Project("{FAE04EC0-301F-11D3-BF4B-00C04F79EFBC}") = "WebServiceMobileFichaje.Domain", "WebServiceMobileFichaje.Domain\WebServiceMobileFichaje.Domain.csproj", "{DF8CE330-3A29-405D-ADEA-EDE4B22D5907}"
EndProject
Project("{2150E333-8FDC-42A3-9474-1A3956D46DE8}") = "Domain", "Domain", "{D45FCBCD-83EB-471B-8C2F-0D29899D3BB9}"
EndProject
Project("{2150E333-8FDC-42A3-9474-1A3956D46DE8}") = "RestApi", "RestApi", "{3AEE2201-26FD-415D-B082-3C4FC9FC3AE3}"
EndProject
Global
	GlobalSection(SolutionConfigurationPlatforms) = preSolution
		Debug|Any CPU = Debug|Any CPU
		Release|Any CPU = Release|Any CPU
	EndGlobalSection
	GlobalSection(ProjectConfigurationPlatforms) = postSolution
		{4DD832A2-D687-4FF3-BB74-996A21C567AB}.Debug|Any CPU.ActiveCfg = Debug|Any CPU
		{4DD832A2-D687-4FF3-BB74-996A21C567AB}.Debug|Any CPU.Build.0 = Debug|Any CPU
		{4DD832A2-D687-4FF3-BB74-996A21C567AB}.Release|Any CPU.ActiveCfg = Release|Any CPU
		{4DD832A2-D687-4FF3-BB74-996A21C567AB}.Release|Any CPU.Build.0 = Release|Any CPU
		{DF8CE330-3A29-405D-ADEA-EDE4B22D5907}.Debug|Any CPU.ActiveCfg = Debug|Any CPU
		{DF8CE330-3A29-405D-ADEA-EDE4B22D5907}.Debug|Any CPU.Build.0 = Debug|Any CPU
		{DF8CE330-3A29-405D-ADEA-EDE4B22D5907}.Release|Any CPU.ActiveCfg = Release|Any CPU
		{DF8CE330-3A29-405D-ADEA-EDE4B22D5907}.Release|Any CPU.Build.0 = Release|Any CPU
	EndGlobalSection
	GlobalSection(SolutionProperties) = preSolution
		HideSolutionNode = FALSE
	EndGlobalSection
	GlobalSection(NestedProjects) = preSolution
		{4DD832A2-D687-4FF3-BB74-996A21C567AB} = {3AEE2201-26FD-415D-B082-3C4FC9FC3AE3}
		{DF8CE330-3A29-405D-ADEA-EDE4B22D5907} = {D45FCBCD-83EB-471B-8C2F-0D29899D3BB9}
	EndGlobalSection
	GlobalSection(ExtensibilityGlobals) = postSolution
		SolutionGuid = {0B1CD28A-CED0-40AC-9D1A-E49F6B64BC5B}
	EndGlobalSection
EndGlobal
